version = 1
revision = 2
requires-python = ">=3.12"

[[package]]
name = "av"
version = "15.0.0"
source = { registry = "https://pypi.org/simple" }
sdist = { url = "https://files.pythonhosted.org/packages/17/89/940a509ee7e9449f0c877fa984b37b7cc485546035cc67bbc353f2ac20f3/av-15.0.0.tar.gz", hash = "sha256:871c1a9becddf00b60b1294dc0bff9ff193ac31286aeec1a34039bd27e650183", size = 3833128, upload-time = "2025-07-03T16:23:48.455Z" }
wheels = [
    { url = "https://files.pythonhosted.org/packages/89/81/c5d009ea9c01a513b7af6aac2ac49c0f2f7193345071cd6dd4d91bef3ab9/av-15.0.0-cp312-cp312-macosx_13_0_arm64.whl", hash = "sha256:84e2ede9459e64e768f4bc56d9df65da9e94b704ee3eccfe2e5b1da1da754313", size = 21782026, upload-time = "2025-07-03T16:22:18.41Z" },
    { url = "https://files.pythonhosted.org/packages/16/8a/ffe9fcac35a07efc6aa0d765015efa499d88823c01499f318760460f8088/av-15.0.0-cp312-cp312-macosx_13_0_x86_64.whl", hash = "sha256:9473ed92d6942c5a449a2c79d49f3425eb0272499d1a3559b32c1181ff736a08", size = 26974939, upload-time = "2025-07-03T16:22:21.493Z" },
    { url = "https://files.pythonhosted.org/packages/a0/e7/0816e52134dc2d0259bb1aaad78573eacaf2bebc1a643de34e3384b520d6/av-15.0.0-cp312-cp312-manylinux2014_i686.manylinux_2_17_i686.whl", hash = "sha256:56a53fe4e09bebd99355eaa0ce221b681eaf205bdda114f5e17fb79f3c3746ad", size = 34573486, upload-time = "2025-07-03T16:22:24.684Z" },
    { url = "https://files.pythonhosted.org/packages/a3/f4/07cc05712e9824a4bb68beea44eb5a7369dee3f00fa258879190004b7fc5/av-15.0.0-cp312-cp312-manylinux_2_28_aarch64.whl", hash = "sha256:247dd9a99d7ed3577b8c1e9977e811f423b04504ff36c9dcd7a4de3e6e5fe5ad", size = 38418908, upload-time = "2025-07-03T16:22:27.799Z" },
    { url = "https://files.pythonhosted.org/packages/19/48/7f3a21a41e291f8c5b8a98f95cfef308ce1b024a634413ce910c270efd7d/av-15.0.0-cp312-cp312-manylinux_2_28_x86_64.whl", hash = "sha256:fc50a7d5f60109221ccf44f8fa4c56ce73f22948b7f19b1717fcc58f7fbc383e", size = 40010257, upload-time = "2025-07-03T16:22:31.15Z" },
    { url = "https://files.pythonhosted.org/packages/6d/c9/ced392e82d39084544d2d0c05decb36446028928eddf0d40ec3d8fe6c050/av-15.0.0-cp312-cp312-musllinux_1_2_aarch64.whl", hash = "sha256:77deaec8943abfebd4e262924f2f452d6594cf0bc67d8d98aac0462b476e4182", size = 40381801, upload-time = "2025-07-03T16:22:34.254Z" },
    { url = "https://files.pythonhosted.org/packages/d2/73/a23ad111200e27f5773e94b0b6f9e2ea492a72ded7f4787a358d9d504a8b/av-15.0.0-cp312-cp312-musllinux_1_2_i686.whl", hash = "sha256:601d9b0740e47a17ec96ba2a537ebfd4d6edc859ae6f298475c06caa51f0a019", size = 37219417, upload-time = "2025-07-03T16:22:37.497Z" },
    { url = "https://files.pythonhosted.org/packages/45/0c/2ac20143b74e3792ede40bfd397ce72fa4e76a03999c2fd0aee3997b6971/av-15.0.0-cp312-cp312-musllinux_1_2_x86_64.whl", hash = "sha256:e021f67e0db7256c9f5d3d6a2a4237a4a4a804b131b33e7f2778981070519b20", size = 41242077, upload-time = "2025-07-03T16:22:40.86Z" },
    { url = "https://files.pythonhosted.org/packages/bd/30/40452705dffbfef0f5505d36218970dfeff0a86048689910219c8717b310/av-15.0.0-cp312-cp312-win_amd64.whl", hash = "sha256:383f1b57520d790069d85fc75f43cfa32fca07f5fb3fb842be37bd596638602c", size = 31357617, upload-time = "2025-07-03T16:22:43.934Z" },
    { url = "https://files.pythonhosted.org/packages/a6/27/c2e248498ce78dd504b0b1818ce88e71e30a7e26c348bdf5d6467d7b06f7/av-15.0.0-cp313-cp313-macosx_13_0_arm64.whl", hash = "sha256:0701c116f32bd9478023f610722f6371d15ca0c068ff228d355f54a7cf23d9cb", size = 21746400, upload-time = "2025-07-03T16:22:46.604Z" },
    { url = "https://files.pythonhosted.org/packages/1d/d8/11f8452f19f4ddc189e978b215420131db40e3919135c14a0d13520f7c94/av-15.0.0-cp313-cp313-macosx_13_0_x86_64.whl", hash = "sha256:57fb6232494ec575b8e78e5a9ef9b811d78f8d67324476ec8430ca3146751124", size = 26939576, upload-time = "2025-07-03T16:22:49.255Z" },
    { url = "https://files.pythonhosted.org/packages/00/1c/b109fd41487d91b8843f9e199b65e89ca533a612ec788b11ed0ba9812ea3/av-15.0.0-cp313-cp313-manylinux2014_i686.manylinux_2_17_i686.whl", hash = "sha256:801a3e0afd5c36df70d012d083bfca67ab22d0ebd2c860c0d9432ac875bc0ad6", size = 34284344, upload-time = "2025-07-03T16:22:52.373Z" },
    { url = "https://files.pythonhosted.org/packages/99/71/aee35fa182d0a41227fbd3f4250fd94c54acdd2995025ee59dd948bba930/av-15.0.0-cp313-cp313-manylinux_2_28_aarch64.whl", hash = "sha256:d5e97791b96741b344bf6dbea4fb14481c117b1f7fe8113721e8d80e26cbb388", size = 38130346, upload-time = "2025-07-03T16:22:56.755Z" },
    { url = "https://files.pythonhosted.org/packages/b7/c4/2d9bbc9c42a804c99bc571eeacb2fe1582fe9cfdb726616876cada937d6a/av-15.0.0-cp313-cp313-manylinux_2_28_x86_64.whl", hash = "sha256:acb4e4aa6bb394d3a9e60feb4cb7a856fc7bac01f3c99019b1d0f11c898c682c", size = 39728857, upload-time = "2025-07-03T16:23:00.392Z" },
    { url = "https://files.pythonhosted.org/packages/7c/d6/a5746e9fb4fdf326e9897abd7538413210e66f35ad4793fe30f87859249d/av-15.0.0-cp313-cp313-musllinux_1_2_aarch64.whl", hash = "sha256:02d2d80bdbe184f1f3f49b3f5eae7f0ff7cba0a62ab3b18be0505715e586ad29", size = 40109012, upload-time = "2025-07-03T16:23:04.1Z" },
    { url = "https://files.pythonhosted.org/packages/77/1f/da89798231ad0feacfaaea4efec4f1779060226986f97498eabe2c7c54a8/av-15.0.0-cp313-cp313-musllinux_1_2_i686.whl", hash = "sha256:603f3ae751f6678df5d8b949f92c6f8257064bba8b3e8db606a24c29d31b4e25", size = 36929211, upload-time = "2025-07-03T16:23:07.694Z" },
    { url = "https://files.pythonhosted.org/packages/d5/4c/2bcabe65a1c19e552f03540f16155a0d02cb9b7a90d31242ab3e0c7ea0d8/av-15.0.0-cp313-cp313-musllinux_1_2_x86_64.whl", hash = "sha256:682686a9ea2745e63c8878641ec26b1787b9210533f3e945a6e07e24ab788c2e", size = 40967172, upload-time = "2025-07-03T16:23:13.488Z" },
    { url = "https://files.pythonhosted.org/packages/c9/f0/fe14adaa670ab7a3f709805a8494fd0a2eeb6a5b18b8c59dc6014639a5b1/av-15.0.0-cp313-cp313-win_amd64.whl", hash = "sha256:5758231163b5486dfbf664036be010b7f5ebb24564aaeb62577464be5ea996e0", size = 31332650, upload-time = "2025-07-03T16:23:16.558Z" },
]

[[package]]
name = "colorama"
version = "0.4.6"
source = { registry = "https://pypi.org/simple" }
sdist = { url = "https://files.pythonhosted.org/packages/d8/53/6f443c9a4a8358a93a6792e2acffb9d9d5cb0a5cfd8802644b7b1c9a02e4/colorama-0.4.6.tar.gz", hash = "sha256:08695f5cb7ed6e0531a20572697297273c47b8cae5a63ffc6d6ed5c201be6e44", size = 27697, upload-time = "2022-10-25T02:36:22.414Z" }
wheels = [
    { url = "https://files.pythonhosted.org/packages/d1/d6/3965ed04c63042e047cb6a3e6ed1a63a35087b6a609aa3a15ed8ac56c221/colorama-0.4.6-py2.py3-none-any.whl", hash = "sha256:4f1d9991f5acc0ca119f9d443620b77f9d6b33703e51011c16baf57afb285fc6", size = 25335, upload-time = "2022-10-25T02:36:20.889Z" },
]

[[package]]
name = "pycricodecs"
version = "1.0.0"
source = { virtual = "." }
dependencies = [
    { name = "av" },
    { name = "tqdm" },
]

[package.metadata]
requires-dist = [
    { name = "av", specifier = ">=15.0.0" },
    { name = "tqdm", specifier = ">=4.67.1" },
]

[[package]]
name = "tqdm"
version = "4.67.1"
source = { registry = "https://pypi.org/simple" }
dependencies = [
    { name = "colorama", marker = "sys_platform == 'win32'" },
]
sdist = { url = "https://files.pythonhosted.org/packages/a8/4b/29b4ef32e036bb34e4ab51796dd745cdba7ed47ad142a9f4a1eb8e0c744d/tqdm-4.67.1.tar.gz", hash = "sha256:f8aef9c52c08c13a65f30ea34f4e5aac3fd1a34959879d7e59e63027286627f2", size = 169737, upload-time = "2024-11-24T20:12:22.481Z" }
wheels = [
    { url = "https://files.pythonhosted.org/packages/d0/30/dc54f88dd4a2b5dc8a0279bdd7270e735851848b762aeb1c1184ed1f6b14/tqdm-4.67.1-py3-none-any.whl", hash = "sha256:26445eca388f82e72884e0d580d5464cd801a3ea01e63e5601bdff9ba6a48de2", size = 78540, upload-time = "2024-11-24T20:12:19.698Z" },
]
